
Microsoft Visual Studio Solution File, Format Version 12.00
Project("{FAE04EC0-301F-11D3-BF4B-00C04F79EFBC}") = "GramEngine", "GramEngine.csproj", "{764632BC-7FF5-4304-8B4D-72DE8FD0FA28}"
EndProject
Global
	GlobalSection(SolutionConfigurationPlatforms) = preSolution
		Debug|Any CPU = Debug|Any CPU
		Release|Any CPU = Release|Any CPU
	EndGlobalSection
	GlobalSection(ProjectConfigurationPlatforms) = postSolution
		{764632BC-7FF5-4304-8B4D-72DE8FD0FA28}.Debug|Any CPU.ActiveCfg = Debug|Any CPU
		{764632BC-7FF5-4304-8B4D-72DE8FD0FA28}.Debug|Any CPU.Build.0 = Debug|Any CPU
		{764632BC-7FF5-4304-8B4D-72DE8FD0FA28}.Release|Any CPU.ActiveCfg = Release|Any CPU
		{764632BC-7FF5-4304-8B4D-72DE8FD0FA28}.Release|Any CPU.Build.0 = Release|Any CPU
	EndGlobalSection
EndGlobal
